
Microsoft Visual Studio Solution File, Format Version 12.00
# Visual Studio Version 16
VisualStudioVersion = 16.0.29709.97
MinimumVisualStudioVersion = 10.0.40219.1
Project("{FAE04EC0-301F-11D3-BF4B-00C04F79EFBC}") = "Practica6_xml", "Practica6_xml\Practica6_xml.csproj", "{A70C4913-A09A-4C0E-ACE9-6D97928D404A}"
EndProject
Global
	GlobalSection(SolutionConfigurationPlatforms) = preSolution
		Debug|Any CPU = Debug|Any CPU
		Release|Any CPU = Release|Any CPU
	EndGlobalSection
	GlobalSection(ProjectConfigurationPlatforms) = postSolution
		{A70C4913-A09A-4C0E-ACE9-6D97928D404A}.Debug|Any CPU.ActiveCfg = Debug|Any CPU
		{A70C4913-A09A-4C0E-ACE9-6D97928D404A}.Debug|Any CPU.Build.0 = Debug|Any CPU
		{A70C4913-A09A-4C0E-ACE9-6D97928D404A}.Release|Any CPU.ActiveCfg = Release|Any CPU
		{A70C4913-A09A-4C0E-ACE9-6D97928D404A}.Release|Any CPU.Build.0 = Release|Any CPU
	EndGlobalSection
	GlobalSection(SolutionProperties) = preSolution
		HideSolutionNode = FALSE
	EndGlobalSection
	GlobalSection(ExtensibilityGlobals) = postSolution
		SolutionGuid = {53511366-3753-4D3A-A2EA-D5C492DA77C2}
	EndGlobalSection
EndGlobal
